PODS:
  - FBSnapshotTestCase (2.1.4):
    - FBSnapshotTestCase/SwiftSupport (= 2.1.4)
  - FBSnapshotTestCase/Core (2.1.4)
  - FBSnapshotTestCase/SwiftSupport (2.1.4):
    - FBSnapshotTestCase/Core
  - LocaleDependentLib (0.1.0)
  - LocaleDependentLib/TestHost (0.1.0)
  - LocaleDependentLib/Tests (0.1.0):
    - FBSnapshotTestCase
    - LocaleDependentLib/TestHost

DEPENDENCIES:
  - LocaleDependentLib (from `./LocaleDependentLib`)
  - LocaleDependentLib/Tests (from `./LocaleDependentLib`)

SPEC REPOS:
  https://github.com/CocoaPods/Specs.git:
    - FBSnapshotTestCase

EXTERNAL SOURCES:
  LocaleDependentLib:
    :path: "./LocaleDependentLib"

SPEC CHECKSUMS:
  FBSnapshotTestCase: 094f9f314decbabe373b87cc339bea235a63e07a
  LocaleDependentLib: b88954f7244310dc386b3a2950dd0e3fe1bf3f4d

PODFILE CHECKSUM: d80af2f362a46ab292879fbd8ab74e5aa6973a75

COCOAPODS: 1.7.4
